{
  "name": "vibe-check-recon",
  "version": "0.4.0",
  "lockfileVersion": 3,
  "requires": true,
  "packages": {
    "": {
      "name": "vibe-check-recon",
      "version": "0.4.0",
      "license": "MIT",
      "dependencies": {
        "tldts": "^7.0.30"
      },
      "bin": {
        "vibe-check-recon": "bin/cli.js"
      },
      "engines": {
        "node": ">=18"
      }
    },
    "node_modules/tldts": {
      "version": "7.0.30",
      "resolved": "https://registry.npmjs.org/tldts/-/tldts-7.0.30.tgz",
      "integrity": "sha512-ELrFxuqsDdHUwoh0XxDbxuLD3Wnz49Z57IFvTtvWy1hJdcMZjXLIuonjilCiWHlT2GbE4Wlv1wKVTzDFnXH1aw==",
      "license": "MIT",
      "dependencies": {
        "tldts-core": "^7.0.30"
      },
      "bin": {
        "tldts": "bin/cli.js"
      }
    },
    "node_modules/tldts-core": {
      "version": "7.0.30",
      "resolved": "https://registry.npmjs.org/tldts-core/-/tldts-core-7.0.30.tgz",
      "integrity": "sha512-uiHN8PIB1VmWyS98eZYja4xzlYqeFZVjb4OuYlJQnZAuJhMw4PbKQOKgHKhBdJR3FE/t5mUQ1Kd80++B+qhD1Q==",
      "license": "MIT"
    }
  }
}
